
Microsoft Visual Studio Solution File, Format Version 12.00
# Visual Studio Version 16
VisualStudioVersion = 16.0.30309.148
MinimumVisualStudioVersion = 10.0.40219.1
Project("{FAE04EC0-301F-11D3-BF4B-00C04F79EFBC}") = "MVCAPPDB", "MVCAPPDB\MVCAPPDB.csproj", "{44AA6B35-830A-47C1-97DD-B893EF5FCAC2}"
EndProject
Project("{FAE04EC0-301F-11D3-BF4B-00C04F79EFBC}") = "MyApp.DB", "MyApp.DB\MyApp.DB.csproj", "{11E1F315-7693-4766-9DAE-42A0DA1632E8}"
EndProject
Project("{FAE04EC0-301F-11D3-BF4B-00C04F79EFBC}") = "MyApp.Models", "MyApp.Models\MyApp.Models.csproj", "{C775CD40-9ACD-4C29-A183-A6C7AA75998B}"
EndProject
Global
	GlobalSection(SolutionConfigurationPlatforms) = preSolution
		Debug|Any CPU = Debug|Any CPU
		Release|Any CPU = Release|Any CPU
	EndGlobalSection
	GlobalSection(ProjectConfigurationPlatforms) = postSolution
		{44AA6B35-830A-47C1-97DD-B893EF5FCAC2}.Debug|Any CPU.ActiveCfg = Debug|Any CPU
		{44AA6B35-830A-47C1-97DD-B893EF5FCAC2}.Debug|Any CPU.Build.0 = Debug|Any CPU
		{44AA6B35-830A-47C1-97DD-B893EF5FCAC2}.Release|Any CPU.ActiveCfg = Release|Any CPU
		{44AA6B35-830A-47C1-97DD-B893EF5FCAC2}.Release|Any CPU.Build.0 = Release|Any CPU
		{11E1F315-7693-4766-9DAE-42A0DA1632E8}.Debug|Any CPU.ActiveCfg = Debug|Any CPU
		{11E1F315-7693-4766-9DAE-42A0DA1632E8}.Debug|Any CPU.Build.0 = Debug|Any CPU
		{11E1F315-7693-4766-9DAE-42A0DA1632E8}.Release|Any CPU.ActiveCfg = Release|Any CPU
		{11E1F315-7693-4766-9DAE-42A0DA1632E8}.Release|Any CPU.Build.0 = Release|Any CPU
		{C775CD40-9ACD-4C29-A183-A6C7AA75998B}.Debug|Any CPU.ActiveCfg = Debug|Any CPU
		{C775CD40-9ACD-4C29-A183-A6C7AA75998B}.Debug|Any CPU.Build.0 = Debug|Any CPU
		{C775CD40-9ACD-4C29-A183-A6C7AA75998B}.Release|Any CPU.ActiveCfg = Release|Any CPU
		{C775CD40-9ACD-4C29-A183-A6C7AA75998B}.Release|Any CPU.Build.0 = Release|Any CPU
	EndGlobalSection
	GlobalSection(SolutionProperties) = preSolution
		HideSolutionNode = FALSE
	EndGlobalSection
	GlobalSection(ExtensibilityGlobals) = postSolution
		SolutionGuid = {AAB400BD-73A5-47EF-B25C-8E7B0A1517E0}
	EndGlobalSection
EndGlobal
